// !$*UTF8*$!
{
	archiveVersion = 1;
	classes = {
	};
	objectVersion = 46;
	objects = {

/* Begin PBXBuildFile section */
		099AEAAF1C4D369500144094 /* VKMapManager.h in CopyFiles */ = {isa = PBXBuildFile; fileRef = 099AEAAE1C4D369500144094 /* VKMapManager.h */; };
		099AEAB11C4D369500144094 /* VKMapManager.m in Sources */ = {isa = PBXBuildFile; fileRef = 099AEAB01C4D369500144094 /* VKMapManager.m */; };
		099AEAB91C4D36B300144094 /* MapHelper.m in Sources */ = {isa = PBXBuildFile; fileRef = 099AEAB81C4D36B300144094 /* MapHelper.m */; };
/* End PBXBuildFile section */

/* Begin PBXCopyFilesBuildPhase section */
		099AEAA91C4D369500144094 /* CopyFiles */ = {
			isa = PBXCopyFilesBuildPhase;
			buildActionMask = 2147483647;
			dstPath = "include/$(PRODUCT_NAME)";
			dstSubfolderSpec = 16;
			files = (
				099AEAAF1C4D369500144094 /* VKMapManager.h in CopyFiles */,
			);
			runOnlyForDeploymentPostprocessing = 0;
		};
/* End PBXCopyFilesBuildPhase section */

/* Begin PBXFileReference section */
		099AEAAB1C4D369500144094 /* libVKMapManager.a */ = {isa = PBXFileReference; explicitFileType = archive.ar; includeInIndex = 0; path = libVKMapManager.a; sourceTree = BUILT_PRODUCTS_DIR; };
		099AEAAE1C4D369500144094 /* VKMapManager.h */ = {isa = PBXFileReference; lastKnownFileType = sourcecode.c.h; path = VKMapManager.h; sourceTree = "<group>"; };
		099AEAB01C4D369500144094 /* VKMapManager.m */ = {isa = PBXFileReference; lastKnownFileType = sourcecode.c.objc; path = VKMapManager.m; sourceTree = "<group>"; };
		099AEAB71C4D36B300144094 /* MapHelper.h */ = {isa = PBXFileReference; fileEncoding = 4; lastKnownFileType = sourcecode.c.h; path = MapHelper.h; sourceTree = "<group>"; };
		099AEAB81C4D36B300144094 /* MapHelper.m */ = {isa = PBXFileReference; fileEncoding = 4; lastKnownFileType = sourcecode.c.objc; path = MapHelper.m; sourceTree = "<group>"; };
/* End PBXFileReference section */

/* Begin PBXFrameworksBuildPhase section */
		099AEAA81C4D369500144094 /* Frameworks */ = {
			isa = PBXFrameworksBuildPhase;
			buildActionMask = 2147483647;
			files = (
			);
			runOnlyForDeploymentPostprocessing = 0;
		};
/* End PBXFrameworksBuildPhase section */

/* Begin PBXGroup section */
		099AEAA21C4D369500144094 = {
			isa = PBXGroup;
			children = (
				099AEAAD1C4D369500144094 /* VKMapManager */,
				099AEAAC1C4D369500144094 /* Products */,
			);
			sourceTree = "<group>";
		};
		099AEAAC1C4D369500144094 /* Products */ = {
			isa = PBXGroup;
			children = (
				099AEAAB1C4D369500144094 /* libVKMapManager.a */,
			);
			name = Products;
			sourceTree = "<group>";
		};
		099AEAAD1C4D369500144094 /* VKMapManager */ = {
			isa = PBXGroup;
			children = (
				099AEAB71C4D36B300144094 /* MapHelper.h */,
				099AEAB81C4D36B300144094 /* MapHelper.m */,
				099AEAAE1C4D369500144094 /* VKMapManager.h */,
				099AEAB01C4D369500144094 /* VKMapManager.m */,
			);
			path = VKMapManager;
			sourceTree = "<group>";
		};
/* End PBXGroup section */

/* Begin PBXNativeTarget section */
		099AEAAA1C4D369500144094 /* VKMapManager */ = {
			isa = PBXNativeTarget;
			buildConfigurationList = 099AEAB41C4D369500144094 /* Build configuration list for PBXNativeTarget "VKMapManager" */;
			buildPhases = (
				099AEAA71C4D369500144094 /* Sources */,
				099AEAA81C4D369500144094 /* Frameworks */,
				099AEAA91C4D369500144094 /* CopyFiles */,
			);
			buildRules = (
			);
			dependencies = (
			);
			name = VKMapManager;
			productName = VKMapManager;
			productReference = 099AEAAB1C4D369500144094 /* libVKMapManager.a */;
			productType = "com.apple.product-type.library.static";
		};
/* End PBXNativeTarget section */

/* Begin PBXProject section */
		099AEAA31C4D369500144094 /* Project object */ = {
			isa = PBXProject;
			attributes = {
				LastUpgradeCheck = 0720;
				ORGANIZATIONNAME = VKWK;
				TargetAttributes = {
					099AEAAA1C4D369500144094 = {
						CreatedOnToolsVersion = 7.2;
					};
				};
			};
			buildConfigurationList = 099AEAA61C4D369500144094 /* Build configuration list for PBXProject "VKMapManager" */;
			compatibilityVersion = "Xcode 3.2";
			developmentRegion = English;
			hasScannedForEncodings = 0;
			knownRegions = (
				en,
			);
			mainGroup = 099AEAA21C4D369500144094;
			productRefGroup = 099AEAAC1C4D369500144094 /* Products */;
			projectDirPath = "";
			projectRoot = "";
			targets = (
				099AEAAA1C4D369500144094 /* VKMapManager */,
			);
		};
/* End PBXProject section */

/* Begin PBXSourcesBuildPhase section */
		099AEAA71C4D369500144094 /* Sources */ = {
			isa = PBXSourcesBuildPhase;
			buildActionMask = 2147483647;
			files = (
				099AEAB91C4D36B300144094 /* MapHelper.m in Sources */,
				099AEAB11C4D369500144094 /* VKMapManager.m in Sources */,
			);
			runOnlyForDeploymentPostprocessing = 0;
		};
/* End PBXSourcesBuildPhase section */

/* Begin XCBuildConfiguration section */
		099AEAB21C4D369500144094 /* Debug */ = {
			isa = XCBuildConfiguration;
			buildSettings = {
				ALWAYS_SEARCH_USER_PATHS = NO;
				CLANG_CXX_LANGUAGE_STANDARD = "gnu++0x";
				CLANG_CXX_LIBRARY = "libc++";
				CLANG_ENABLE_MODULES = YES;
				CLANG_ENABLE_OBJC_ARC = YES;
				CLANG_WARN_BOOL_CONVERSION = YES;
				CLANG_WARN_CONSTANT_CONVERSION = YES;
				CLANG_WARN_DIRECT_OBJC_ISA_USAGE = YES_ERROR;
				CLANG_WARN_EMPTY_BODY = YES;
				CLANG_WARN_ENUM_CONVERSION = YES;
				CLANG_WARN_INT_CONVERSION = YES;
				CLANG_WARN_OBJC_ROOT_CLASS = YES_ERROR;
				CLANG_WARN_UNREACHABLE_CODE = YES;
				CLANG_WARN__DUPLICATE_METHOD_MATCH = YES;
				"CODE_SIGN_IDENTITY[sdk=iphoneos*]" = "iPhone Developer";
				COPY_PHASE_STRIP = NO;
				DEBUG_INFORMATION_FORMAT = dwarf;
				ENABLE_STRICT_OBJC_MSGSEND = YES;
				ENABLE_TESTABILITY = YES;
				GCC_C_LANGUAGE_STANDARD = gnu99;
				GCC_DYNAMIC_NO_PIC = NO;
				GCC_NO_COMMON_BLOCKS = YES;
				GCC_OPTIMIZATION_LEVEL = 0;
				GCC_PREPROCESSOR_DEFINITIONS = (
					"DEBUG=1",
					"$(inherited)",
				);
				GCC_WARN_64_TO_32_BIT_CONVERSION = YES;
				GCC_WARN_ABOUT_RETURN_TYPE = YES_ERROR;
				GCC_WARN_UNDECLARED_SELECTOR = YES;
				GCC_WARN_UNINITIALIZED_AUTOS = YES_AGGRESSIVE;
				GCC_WARN_UNUSED_FUNCTION = YES;
				GCC_WARN_UNUSED_VARIABLE = YES;
				IPHONEOS_DEPLOYMENT_TARGET = 9.2;
				MTL_ENABLE_DEBUG_INFO = YES;
				ONLY_ACTIVE_ARCH = YES;
				SDKROOT = iphoneos;
			};
			name = Debug;
		};
		099AEAB31C4D369500144094 /* Release */ = {
			isa = XCBuildConfiguration;
			buildSettings = {
				ALWAYS_SEARCH_USER_PATHS = NO;
				CLANG_CXX_LANGUAGE_STANDARD = "gnu++0x";
				CLANG_CXX_LIBRARY = "libc++";
				CLANG_ENABLE_MODULES = YES;
				CLANG_ENABLE_OBJC_ARC = YES;
				CLANG_WARN_BOOL_CONVERSION = YES;
				CLANG_WARN_CONSTANT_CONVERSION = YES;
				CLANG_WARN_DIRECT_OBJC_ISA_USAGE = YES_ERROR;
				CLANG_WARN_EMPTY_BODY = YES;
				CLANG_WARN_ENUM_CONVERSION = YES;
				CLANG_WARN_INT_CONVERSION = YES;
				CLANG_WARN_OBJC_ROOT_CLASS = YES_ERROR;
				CLANG_WARN_UNREACHABLE_CODE = YES;
				CLANG_WARN__DUPLICATE_METHOD_MATCH = YES;
				"CODE_SIGN_IDENTITY[sdk=iphoneos*]" = "iPhone Developer";
				COPY_PHASE_STRIP = NO;
				DEBUG_INFORMATION_FORMAT = "dwarf-with-dsym";
				ENABLE_NS_ASSERTIONS = NO;
				ENABLE_STRICT_OBJC_MSGSEND = YES;
				GCC_C_LANGUAGE_STANDARD = gnu99;
				GCC_NO_COMMON_BLOCKS = YES;
				GCC_WARN_64_TO_32_BIT_CONVERSION = YES;
				GCC_WARN_ABOUT_RETURN_TYPE = YES_ERROR;
				GCC_WARN_UNDECLARED_SELECTOR = YES;
				GCC_WARN_UNINITIALIZED_AUTOS = YES_AGGRESSIVE;
				GCC_WARN_UNUSED_FUNCTION = YES;
				GCC_WARN_UNUSED_VARIABLE = YES;
				IPHONEOS_DEPLOYMENT_TARGET = 9.2;
				MTL_ENABLE_DEBUG_INFO = NO;
				SDKROOT = iphoneos;
				VALIDATE_PRODUCT = YES;
			};
			name = Release;
		};
		099AEAB51C4D369500144094 /* Debug */ = {
			isa = XCBuildConfiguration;
			buildSettings = {
				OTHER_LDFLAGS = "-ObjC";
				PRODUCT_NAME = "$(TARGET_NAME)";
				SKIP_INSTALL = YES;
			};
			name = Debug;
		};
		099AEAB61C4D369500144094 /* Release */ = {
			isa = XCBuildConfiguration;
			buildSettings = {
				OTHER_LDFLAGS = "-ObjC";
				PRODUCT_NAME = "$(TARGET_NAME)";
				SKIP_INSTALL = YES;
			};
			name = Release;
		};
/* End XCBuildConfiguration section */

/* Begin XCConfigurationList section */
		099AEAA61C4D369500144094 /* Build configuration list for PBXProject "VKMapManager" */ = {
			isa = XCConfigurationList;
			buildConfigurations = (
				099AEAB21C4D369500144094 /* Debug */,
				099AEAB31C4D369500144094 /* Release */,
			);
			defaultConfigurationIsVisible = 0;
			defaultConfigurationName = Release;
		};
		099AEAB41C4D369500144094 /* Build configuration list for PBXNativeTarget "VKMapManager" */ = {
			isa = XCConfigurationList;
			buildConfigurations = (
				099AEAB51C4D369500144094 /* Debug */,
				099AEAB61C4D369500144094 /* Release */,
			);
			defaultConfigurationIsVisible = 0;
		};
/* End XCConfigurationList section */
	};
	rootObject = 099AEAA31C4D369500144094 /* Project object */;
}
